// !$*UTF8*$!
{ archiveVersion = 1; classes = {}; objectVersion = 56; objects = {
A0A10B10C10D10E10F100006 = { isa = PBXFileReference; lastKnownFileType = text; path = "Sparkle-LICENSE.txt"; sourceTree = "<group>"; };
B0A10B10C10D10E10F100006 = { isa = PBXBuildFile; fileRef = A0A10B10C10D10E10F100006; };
A0A10B10C10D10E10F100005 = { isa = PBXFileReference; lastKnownFileType = sourcecode.swift; path = "AppUpdater.swift"; sourceTree = "<group>"; };
B0A10B10C10D10E10F100005 = { isa = PBXBuildFile; fileRef = A0A10B10C10D10E10F100005; };
CA1100000000000000000001 = { isa = XCRemoteSwiftPackageReference; repositoryURL = "https://github.com/sparkle-project/Sparkle"; requirement = { kind = exactVersion; version = 2.10.0; }; };
CA1100000000000000000002 = { isa = XCSwiftPackageProductDependency; package = CA1100000000000000000001; productName = Sparkle; };
CA1100000000000000000003 = { isa = PBXBuildFile; productRef = CA1100000000000000000002; };

A0A10B10C10D10E10F100004 = { isa = PBXFileReference; lastKnownFileType = sourcecode.swift; path = "AboutSettingsPane.swift"; sourceTree = "<group>"; };
B0A10B10C10D10E10F100004 = { isa = PBXBuildFile; fileRef = A0A10B10C10D10E10F100004; };
A0A10B10C10D10E10F100002 = { isa = PBXFileReference; lastKnownFileType = sourcecode.swift; path = "PluginSettingsPane.swift"; sourceTree = "<group>"; };
B0A10B10C10D10E10F100002 = { isa = PBXBuildFile; fileRef = A0A10B10C10D10E10F100002; };
A0A10B10C10D10E10F100001 = { isa = PBXFileReference; lastKnownFileType = sourcecode.swift; path = "PluginManager.swift"; sourceTree = "<group>"; };
B0A10B10C10D10E10F100001 = { isa = PBXBuildFile; fileRef = A0A10B10C10D10E10F100001; };
A0A10B10C10D10E10F100000 = { isa = PBXFileReference; lastKnownFileType = sourcecode.swift; path = "SettingsComponents.swift"; sourceTree = "<group>"; };
B0A10B10C10D10E10F100000 = { isa = PBXBuildFile; fileRef = A0A10B10C10D10E10F100000; };
908457A3F9CC49038115C3E8 = { isa = PBXFileReference; lastKnownFileType = sourcecode.swift; path = "WorkspaceSplit.swift"; sourceTree = "<group>"; };
30912D78E26F4749BAAB250C = { isa = PBXBuildFile; fileRef = 908457A3F9CC49038115C3E8; };
0BEAD5004D954307840B4C03 = { isa = PBXFileReference; lastKnownFileType = sourcecode.swift; path = "BuildStrategy.swift"; sourceTree = "<group>"; };
71F198433CEB4BB4817695F5 = { isa = PBXBuildFile; fileRef = 0BEAD5004D954307840B4C03; };
BB71F27713F14A1CABBD3184 = { isa = PBXFileReference; lastKnownFileType = sourcecode.swift; path = "CompletionPanel.swift"; sourceTree = "<group>"; };
4652F84503F84186AF658629 = { isa = PBXBuildFile; fileRef = BB71F27713F14A1CABBD3184; };
EC6B9A54D7534997971F6C38 = { isa = PBXFileReference; lastKnownFileType = sourcecode.swift; path = "LaTeXHighlighter.swift"; sourceTree = "<group>"; };
1DC41714425C4D3D87BFC4A6 = { isa = PBXBuildFile; fileRef = EC6B9A54D7534997971F6C38; };
3490B49DE9E14FA7BDCD15B3 = { isa = PBXFileReference; lastKnownFileType = sourcecode.swift; path = "LaTeXCompletion.swift"; sourceTree = "<group>"; };
A4488E41B5A440C0940DB96A = { isa = PBXBuildFile; fileRef = 3490B49DE9E14FA7BDCD15B3; };
E45D259D08A346088C8B75F6 = { isa = PBXFileReference; lastKnownFileType = sourcecode.swift; path = "PDFHighlight.swift"; sourceTree = "<group>"; };
5507C4E4648F48208CA25CCA = { isa = PBXBuildFile; fileRef = E45D259D08A346088C8B75F6; };
1FAFE078A24341BB91657145 = { isa = PBXFileReference; lastKnownFileType = sourcecode.swift; path = "ResultPanel.swift"; sourceTree = "<group>"; };
437BFEA627BE4C7F81E63DB8 = { isa = PBXBuildFile; fileRef = 1FAFE078A24341BB91657145; };
A438A5D029A2433596FB25EF = { isa = PBXFileReference; lastKnownFileType = sourcecode.swift; path = "PDFPreview.swift"; sourceTree = "<group>"; };
DFBA9ADB86A942C8AB081B0B = { isa = PBXBuildFile; fileRef = A438A5D029A2433596FB25EF; };
ACDD8B319D064F24A26E2FF2 = { isa = PBXFileReference; lastKnownFileType = sourcecode.swift; path = "SettingsView.swift"; sourceTree = "<group>"; };
CDC8C5528DE34904AF066A6E = { isa = PBXBuildFile; fileRef = ACDD8B319D064F24A26E2FF2; };
B92C4436F83141389597FA6A = { isa = PBXFileReference; lastKnownFileType = sourcecode.swift; path = "SyncTeXService.swift"; sourceTree = "<group>"; };
EE59ADFD87A940E2ADEB21B2 = { isa = PBXBuildFile; fileRef = B92C4436F83141389597FA6A; };
4325A164951343BC9B430885 = { isa = PBXFileReference; lastKnownFileType = sourcecode.swift; path = "BuildDiagnostics.swift"; sourceTree = "<group>"; };
E6CF16B6542446579CCDB5F7 = { isa = PBXBuildFile; fileRef = 4325A164951343BC9B430885; };
B55ECD2CABA341FD8E503A6D = { isa = PBXFileReference; lastKnownFileType = sourcecode.swift; path = "BuildController.swift"; sourceTree = "<group>"; };
84564C72A8D74C89A1063BEB = { isa = PBXBuildFile; fileRef = B55ECD2CABA341FD8E503A6D; };
C40F8C1E8C174CA9885AF823 = { isa = PBXFileReference; lastKnownFileType = sourcecode.swift; path = "BuildSettings.swift"; sourceTree = "<group>"; };
2CA2B18861A8463184F468A1 = { isa = PBXBuildFile; fileRef = C40F8C1E8C174CA9885AF823; };
B4E237CA160D5C8D18FFE2FE = { isa = PBXFileReference; lastKnownFileType = folder; path = BundledTemplates; sourceTree = "<group>"; };
6B9378AE6D76F2ABAFD9C540 = { isa = PBXBuildFile; fileRef = B4E237CA160D5C8D18FFE2FE; };
87376ADA3BC1F418330CF3B2 = { isa = PBXFileReference; lastKnownFileType = sourcecode.swift; path = "Chrome.swift"; sourceTree = "<group>"; };
A2889428D4683C61048FC8D1 = { isa = PBXBuildFile; fileRef = 87376ADA3BC1F418330CF3B2; };
64788D9763B063C0817D0EA2 = { isa = PBXFileReference; lastKnownFileType = sourcecode.swift; path = "QuillTeXApp.swift"; sourceTree = "<group>"; };
5CAACA3EEA8D409C14CF81AF = { isa = PBXBuildFile; fileRef = 64788D9763B063C0817D0EA2; };
710EDB0DC6033F4DF117F2B2 = { isa = PBXFileReference; lastKnownFileType = sourcecode.swift; path = "WelcomeView.swift"; sourceTree = "<group>"; };
FF9E72070E404225683C145C = { isa = PBXBuildFile; fileRef = 710EDB0DC6033F4DF117F2B2; };
2586AAF1DF38F0A965F2392D = { isa = PBXFileReference; lastKnownFileType = sourcecode.swift; path = "WorkspaceView.swift"; sourceTree = "<group>"; };
D683D65BA5C2D7CAEB339B3F = { isa = PBXBuildFile; fileRef = 2586AAF1DF38F0A965F2392D; };
91B74FC0A4913B4360224A9A = { isa = PBXFileReference; lastKnownFileType = sourcecode.swift; path = "BuildControls.swift"; sourceTree = "<group>"; };
90B7740E6DEBA83EF0C709FC = { isa = PBXBuildFile; fileRef = 91B74FC0A4913B4360224A9A; };
76DF30C02104DE020224BE23 = { isa = PBXFileReference; lastKnownFileType = sourcecode.swift; path = "SourceEditor.swift"; sourceTree = "<group>"; };
DB5448C49362356F7669D8F7 = { isa = PBXBuildFile; fileRef = 76DF30C02104DE020224BE23; };
4B6883B86C55C87D8F157CCC = { isa = PBXFileReference; lastKnownFileType = sourcecode.swift; path = "PreviewPlaceholder.swift"; sourceTree = "<group>"; };
BE20B6E7C2F573BA3F4F77E4 = { isa = PBXBuildFile; fileRef = 4B6883B86C55C87D8F157CCC; };
177F86EFD3073B5216C4AC51 = { isa = PBXFileReference; lastKnownFileType = sourcecode.swift; path = "DocumentLibrary.swift"; sourceTree = "<group>"; };
3887A315559F9CFBC2A895F7 = { isa = PBXBuildFile; fileRef = 177F86EFD3073B5216C4AC51; };
09E2FC72019A153F03464EA9 = { isa = PBXFileReference; lastKnownFileType = sourcecode.swift; path = "ProjectIndex.swift"; sourceTree = "<group>"; };
36999B1F2BA7C084EDAC4C25 = { isa = PBXBuildFile; fileRef = 09E2FC72019A153F03464EA9; };
9B342AC7A9CF83254B58496E = { isa = PBXFileReference; lastKnownFileType = sourcecode.swift; path = "ProjectSidebar.swift"; sourceTree = "<group>"; };
7C2EEDAE2663C7E1C864052D = { isa = PBXBuildFile; fileRef = 9B342AC7A9CF83254B58496E; };
01FD185B3C7BF49C09AEF803 = { isa = PBXFileReference; lastKnownFileType = sourcecode.swift; path = "ProjectStore.swift"; sourceTree = "<group>"; };
BDBC6F3C8F82661041E91808 = { isa = PBXBuildFile; fileRef = 01FD185B3C7BF49C09AEF803; };
C4A7B10E5D3F4288A1B2C3D4 = { isa = PBXFileReference; lastKnownFileType = folder.assetcatalog; path = Assets.xcassets; sourceTree = "<group>"; };
D5B8C21F6E4A5399B2C3D4E5 = { isa = PBXBuildFile; fileRef = C4A7B10E5D3F4288A1B2C3D4; };
1C48CE29E4E135EE62951B22 = { isa = PBXGroup; children = (A0A10B10C10D10E10F100006,A0A10B10C10D10E10F100005,A0A10B10C10D10E10F100004,A0A10B10C10D10E10F100002,A0A10B10C10D10E10F100001,A0A10B10C10D10E10F100000,C4A7B10E5D3F4288A1B2C3D4, 87376ADA3BC1F418330CF3B2, 64788D9763B063C0817D0EA2, 710EDB0DC6033F4DF117F2B2, 2586AAF1DF38F0A965F2392D,ACDD8B319D064F24A26E2FF2,908457A3F9CC49038115C3E8,); path = App; sourceTree = "<group>"; };
DED087992B0D7EBE5767AA11 = { isa = PBXGroup; children = (76DF30C02104DE020224BE23,3490B49DE9E14FA7BDCD15B3,EC6B9A54D7534997971F6C38,BB71F27713F14A1CABBD3184,); path = Editor; sourceTree = "<group>"; };
7E90BCC61DF7B32548EB9619 = { isa = PBXGroup; children = (4B6883B86C55C87D8F157CCC,A438A5D029A2433596FB25EF,E45D259D08A346088C8B75F6,); path = Preview; sourceTree = "<group>"; };
014F5F70CB69DA11F3F3F556 = { isa = PBXGroup; children = (91B74FC0A4913B4360224A9A,C40F8C1E8C174CA9885AF823,B55ECD2CABA341FD8E503A6D,4325A164951343BC9B430885,B92C4436F83141389597FA6A,1FAFE078A24341BB91657145,0BEAD5004D954307840B4C03,); path = Build; sourceTree = "<group>"; };
3710CDB789EE8A760764FE5A = { isa = PBXGroup; children = (B4E237CA160D5C8D18FFE2FE, 177F86EFD3073B5216C4AC51, 09E2FC72019A153F03464EA9, 9B342AC7A9CF83254B58496E, 01FD185B3C7BF49C09AEF803,); path = Project; sourceTree = "<group>"; };
BCE16DD0260827ECF338C787 = { isa = PBXGroup; children = (1C48CE29E4E135EE62951B22,DED087992B0D7EBE5767AA11,7E90BCC61DF7B32548EB9619,014F5F70CB69DA11F3F3F556,3710CDB789EE8A760764FE5A,); path = QuillTeX; sourceTree = "<group>"; };
38A007151ABE87CC01A5B6E9 = { isa = PBXFileReference; explicitFileType = wrapper.application; includeInIndex = 0; path = QuillTeX.app; sourceTree = BUILT_PRODUCTS_DIR; };
FBDC4F23F93125BBEEAE800C = { isa = PBXGroup; children = (38A007151ABE87CC01A5B6E9,); name = Products; sourceTree = "<group>"; };
B28B7AF69320201D1CF206EB = { isa = PBXGroup; children = (BCE16DD0260827ECF338C787,FBDC4F23F93125BBEEAE800C,); sourceTree = "<group>"; };
4E57AE888889001C06A4F7E8 = { isa = PBXSourcesBuildPhase; buildActionMask = 2147483647; files = (B0A10B10C10D10E10F100005,B0A10B10C10D10E10F100004,B0A10B10C10D10E10F100002,B0A10B10C10D10E10F100001,B0A10B10C10D10E10F100000,A2889428D4683C61048FC8D1,5CAACA3EEA8D409C14CF81AF,FF9E72070E404225683C145C,D683D65BA5C2D7CAEB339B3F,90B7740E6DEBA83EF0C709FC,DB5448C49362356F7669D8F7,BE20B6E7C2F573BA3F4F77E4,3887A315559F9CFBC2A895F7,36999B1F2BA7C084EDAC4C25,7C2EEDAE2663C7E1C864052D,BDBC6F3C8F82661041E91808,2CA2B18861A8463184F468A1,84564C72A8D74C89A1063BEB,E6CF16B6542446579CCDB5F7,EE59ADFD87A940E2ADEB21B2,CDC8C5528DE34904AF066A6E,DFBA9ADB86A942C8AB081B0B,437BFEA627BE4C7F81E63DB8,5507C4E4648F48208CA25CCA,A4488E41B5A440C0940DB96A,1DC41714425C4D3D87BFC4A6,4652F84503F84186AF658629,71F198433CEB4BB4817695F5,30912D78E26F4749BAAB250C,); runOnlyForDeploymentPostprocessing = 0; };
7561BFB015D8F536760CB671 = { isa = PBXFrameworksBuildPhase; buildActionMask = 2147483647; files = (CA1100000000000000000003,); runOnlyForDeploymentPostprocessing = 0; };
0189424A5A60FED329FA868E = { isa = PBXResourcesBuildPhase; buildActionMask = 2147483647; files = (B0A10B10C10D10E10F100006,6B9378AE6D76F2ABAFD9C540,D5B8C21F6E4A5399B2C3D4E5,); runOnlyForDeploymentPostprocessing = 0; };
AB52CB08E0FDF02BF6C67C33 = { isa = XCBuildConfiguration; name = Debug; buildSettings = {SDKROOT = "macosx"; MACOSX_DEPLOYMENT_TARGET = "14.0"; SWIFT_VERSION = "5.0"; CLANG_ENABLE_MODULES = "YES"; SWIFT_OPTIMIZATION_LEVEL = "-Onone"; DEBUG_INFORMATION_FORMAT = "dwarf"; SWIFT_ACTIVE_COMPILATION_CONDITIONS = "DEBUG";}; };
59E1BEE911F66DA37FEBACDC = { isa = XCBuildConfiguration; name = Debug; buildSettings = {PRODUCT_NAME = "$(TARGET_NAME)"; PRODUCT_BUNDLE_IDENTIFIER = "is.quilltex.mac"; GENERATE_INFOPLIST_FILE = "YES"; INFOPLIST_FILE = "QuillTeX/App/Info.plist"; INFOPLIST_KEY_CFBundleDisplayName = "QuillTeX"; INFOPLIST_KEY_LSApplicationCategoryType = "public.app-category.productivity"; INFOPLIST_KEY_NSHighResolutionCapable = "YES"; INFOPLIST_KEY_NSHumanReadableCopyright = "Copyright © 2026 QuillTeX"; ENABLE_APP_SANDBOX = "NO"; ENABLE_HARDENED_RUNTIME = "YES"; CODE_SIGN_ENTITLEMENTS = "QuillTeX/App/QuillTeX.entitlements"; CODE_SIGN_STYLE = "Automatic"; CODE_SIGN_IDENTITY = "-"; COMBINE_HIDPI_IMAGES = "YES"; ASSETCATALOG_COMPILER_APPICON_NAME = "AppIcon"; CURRENT_PROJECT_VERSION = "7"; MARKETING_VERSION = "1.0.0"; LD_RUNPATH_SEARCH_PATHS = "$(inherited) @executable_path/../Frameworks";}; };
5283471FF90C511CFE244FFF = { isa = XCBuildConfiguration; name = Release; buildSettings = {SDKROOT = "macosx"; MACOSX_DEPLOYMENT_TARGET = "14.0"; SWIFT_VERSION = "5.0"; CLANG_ENABLE_MODULES = "YES"; SWIFT_OPTIMIZATION_LEVEL = "-O"; DEBUG_INFORMATION_FORMAT = "dwarf-with-dsym";}; };
F4C425279CD5DDD18FD6DC6D = { isa = XCBuildConfiguration; name = Release; buildSettings = {PRODUCT_NAME = "$(TARGET_NAME)"; PRODUCT_BUNDLE_IDENTIFIER = "is.quilltex.mac"; GENERATE_INFOPLIST_FILE = "YES"; INFOPLIST_FILE = "QuillTeX/App/Info.plist"; INFOPLIST_KEY_CFBundleDisplayName = "QuillTeX"; INFOPLIST_KEY_LSApplicationCategoryType = "public.app-category.productivity"; INFOPLIST_KEY_NSHighResolutionCapable = "YES"; INFOPLIST_KEY_NSHumanReadableCopyright = "Copyright © 2026 QuillTeX"; ENABLE_APP_SANDBOX = "NO"; ENABLE_HARDENED_RUNTIME = "YES"; CODE_SIGN_ENTITLEMENTS = "QuillTeX/App/QuillTeX.entitlements"; CODE_SIGN_STYLE = "Automatic"; CODE_SIGN_IDENTITY = "-"; COMBINE_HIDPI_IMAGES = "YES"; ASSETCATALOG_COMPILER_APPICON_NAME = "AppIcon"; CURRENT_PROJECT_VERSION = "7"; MARKETING_VERSION = "1.0.0"; LD_RUNPATH_SEARCH_PATHS = "$(inherited) @executable_path/../Frameworks";}; };
49EA05A46B1A86EA7E413B43 = { isa = XCConfigurationList; buildConfigurations = (AB52CB08E0FDF02BF6C67C33,5283471FF90C511CFE244FFF,); defaultConfigurationIsVisible = 0; defaultConfigurationName = Release; };
F497FD0CF9CA1625C4A860DE = { isa = XCConfigurationList; buildConfigurations = (59E1BEE911F66DA37FEBACDC,F4C425279CD5DDD18FD6DC6D,); defaultConfigurationIsVisible = 0; defaultConfigurationName = Release; };
0E8A3AD980EC179856012B7E = { isa = PBXNativeTarget; buildConfigurationList = F497FD0CF9CA1625C4A860DE; buildPhases = (4E57AE888889001C06A4F7E8,7561BFB015D8F536760CB671,0189424A5A60FED329FA868E,); buildRules = (); dependencies = (); name = QuillTeX; packageProductDependencies = (CA1100000000000000000002,); productName = QuillTeX; productReference = 38A007151ABE87CC01A5B6E9; productType = "com.apple.product-type.application"; };
98F54143AB4E86B28C3AFEE0 = { isa = PBXProject; attributes = { BuildIndependentTargetsInParallel = YES; LastSwiftUpdateCheck = 2700; LastUpgradeCheck = 2700; }; buildConfigurationList = 49EA05A46B1A86EA7E413B43; compatibilityVersion = "Xcode 14.0"; developmentRegion = en; hasScannedForEncodings = 0; knownRegions = (en, Base, "zh-Hans",); packageReferences = (CA1100000000000000000001,); mainGroup = B28B7AF69320201D1CF206EB; productRefGroup = FBDC4F23F93125BBEEAE800C; projectDirPath = ""; projectRoot = ""; targets = (0E8A3AD980EC179856012B7E,); };
}; rootObject = 98F54143AB4E86B28C3AFEE0; }
